
Microsoft Visual Studio Solution File, Format Version 12.00
# Visual Studio Version 17
VisualStudioVersion = 17.4.33213.308
MinimumVisualStudioVersion = 10.0.40219.1
Project("{FAE04EC0-301F-11D3-BF4B-00C04F79EFBC}") = "App_Busca_CEP.Android", "App_Busca_CEP\App_Busca_CEP.Android\App_Busca_CEP.Android.csproj", "{3226C60C-E63E-48B8-8062-A5D59A5455DB}"
EndProject
Project("{FAE04EC0-301F-11D3-BF4B-00C04F79EFBC}") = "App_Busca_CEP", "App_Busca_CEP\App_Busca_CEP\App_Busca_CEP.csproj", "{618A0D73-6E0A-4BC4-BA06-013453748EBC}"
EndProject
Global
	GlobalSection(SolutionConfigurationPlatforms) = preSolution
		Debug|Any CPU = Debug|Any CPU
		Release|Any CPU = Release|Any CPU
	EndGlobalSection
	GlobalSection(ProjectConfigurationPlatforms) = postSolution
		{3226C60C-E63E-48B8-8062-A5D59A5455DB}.Debug|Any CPU.ActiveCfg = Debug|Any CPU
		{3226C60C-E63E-48B8-8062-A5D59A5455DB}.Debug|Any CPU.Build.0 = Debug|Any CPU
		{3226C60C-E63E-48B8-8062-A5D59A5455DB}.Debug|Any CPU.Deploy.0 = Debug|Any CPU
		{3226C60C-E63E-48B8-8062-A5D59A5455DB}.Release|Any CPU.ActiveCfg = Release|Any CPU
		{3226C60C-E63E-48B8-8062-A5D59A5455DB}.Release|Any CPU.Build.0 = Release|Any CPU
		{3226C60C-E63E-48B8-8062-A5D59A5455DB}.Release|Any CPU.Deploy.0 = Release|Any CPU
		{618A0D73-6E0A-4BC4-BA06-013453748EBC}.Debug|Any CPU.ActiveCfg = Debug|Any CPU
		{618A0D73-6E0A-4BC4-BA06-013453748EBC}.Debug|Any CPU.Build.0 = Debug|Any CPU
		{618A0D73-6E0A-4BC4-BA06-013453748EBC}.Debug|Any CPU.Deploy.0 = Debug|Any CPU
		{618A0D73-6E0A-4BC4-BA06-013453748EBC}.Release|Any CPU.ActiveCfg = Release|Any CPU
		{618A0D73-6E0A-4BC4-BA06-013453748EBC}.Release|Any CPU.Build.0 = Release|Any CPU
		{618A0D73-6E0A-4BC4-BA06-013453748EBC}.Release|Any CPU.Deploy.0 = Release|Any CPU
	EndGlobalSection
	GlobalSection(SolutionProperties) = preSolution
		HideSolutionNode = FALSE
	EndGlobalSection
	GlobalSection(ExtensibilityGlobals) = postSolution
		SolutionGuid = {BF61B684-8FA0-4CB7-B76A-93AB27A811EF}
	EndGlobalSection
EndGlobal
